
Microsoft Visual Studio Solution File, Format Version 12.00
# Visual Studio Version 17
VisualStudioVersion = 17.3.32804.467
MinimumVisualStudioVersion = 10.0.40219.1
Project("{FAE04EC0-301F-11D3-BF4B-00C04F79EFBC}") = "EntityUygulaması_Magaza", "EntityUygulaması_Mağaza\EntityUygulaması_Magaza.csproj", "{125F6CB8-BBF3-4AB3-A68D-3133A29D7CF8}"
EndProject
Global
	GlobalSection(SolutionConfigurationPlatforms) = preSolution
		Debug|Any CPU = Debug|Any CPU
		Release|Any CPU = Release|Any CPU
	EndGlobalSection
	GlobalSection(ProjectConfigurationPlatforms) = postSolution
		{125F6CB8-BBF3-4AB3-A68D-3133A29D7CF8}.Debug|Any CPU.ActiveCfg = Debug|Any CPU
		{125F6CB8-BBF3-4AB3-A68D-3133A29D7CF8}.Debug|Any CPU.Build.0 = Debug|Any CPU
		{125F6CB8-BBF3-4AB3-A68D-3133A29D7CF8}.Release|Any CPU.ActiveCfg = Release|Any CPU
		{125F6CB8-BBF3-4AB3-A68D-3133A29D7CF8}.Release|Any CPU.Build.0 = Release|Any CPU
	EndGlobalSection
	GlobalSection(SolutionProperties) = preSolution
		HideSolutionNode = FALSE
	EndGlobalSection
	GlobalSection(ExtensibilityGlobals) = postSolution
		SolutionGuid = {CEEC0EE4-B607-4DE0-8EBD-E4BFE69D1486}
	EndGlobalSection
EndGlobal
